
Microsoft Visual Studio Solution File, Format Version 12.00
# Visual Studio Version 17
VisualStudioVersion = 17.8.34511.84
MinimumVisualStudioVersion = 10.0.40219.1
Project("{888888A0-9F3D-457C-B088-3A5042F75D52}") = "ParkinsonDiseasePrediction", "ParkinsonDiseasePrediction\ParkinsonDiseasePrediction.pyproj", "{233F4D03-87BE-40EC-A987-62E631D3CA28}"
EndProject
Global
	GlobalSection(SolutionConfigurationPlatforms) = preSolution
		Debug|Any CPU = Debug|Any CPU
		Release|Any CPU = Release|Any CPU
	EndGlobalSection
	GlobalSection(ProjectConfigurationPlatforms) = postSolution
		{233F4D03-87BE-40EC-A987-62E631D3CA28}.Debug|Any CPU.ActiveCfg = Debug|Any CPU
		{233F4D03-87BE-40EC-A987-62E631D3CA28}.Release|Any CPU.ActiveCfg = Release|Any CPU
	EndGlobalSection
	GlobalSection(SolutionProperties) = preSolution
		HideSolutionNode = FALSE
	EndGlobalSection
	GlobalSection(ExtensibilityGlobals) = postSolution
		SolutionGuid = {EE4E8E3F-E6CE-4DBD-BA07-F40FE932AC9B}
	EndGlobalSection
EndGlobal
